
Microsoft Visual Studio Solution File, Format Version 12.00
# Visual Studio 15
VisualStudioVersion = 15.0.28307.168
MinimumVisualStudioVersion = 10.0.40219.1
Project("{9A19103F-16F7-4668-BE54-9A1E7A4F7556}") = "yourmoviefinder", "yourmoviefinder.csproj", "{16393A9A-0F6F-4D50-835E-A47D69C5C064}"
EndProject
Global
	GlobalSection(SolutionConfigurationPlatforms) = preSolution
		Debug|Any CPU = Debug|Any CPU
		Release|Any CPU = Release|Any CPU
	EndGlobalSection
	GlobalSection(ProjectConfigurationPlatforms) = postSolution
		{16393A9A-0F6F-4D50-835E-A47D69C5C064}.Debug|Any CPU.ActiveCfg = Debug|Any CPU
		{16393A9A-0F6F-4D50-835E-A47D69C5C064}.Debug|Any CPU.Build.0 = Debug|Any CPU
		{16393A9A-0F6F-4D50-835E-A47D69C5C064}.Release|Any CPU.ActiveCfg = Release|Any CPU
		{16393A9A-0F6F-4D50-835E-A47D69C5C064}.Release|Any CPU.Build.0 = Release|Any CPU
	EndGlobalSection
	GlobalSection(SolutionProperties) = preSolution
		HideSolutionNode = FALSE
	EndGlobalSection
	GlobalSection(ExtensibilityGlobals) = postSolution
		SolutionGuid = {A9F86C00-2036-4326-9887-A18385E3FF86}
	EndGlobalSection
EndGlobal
